
Microsoft Visual Studio Solution File, Format Version 12.00
# Visual Studio Version 17
VisualStudioVersion = 17.4.33122.133
MinimumVisualStudioVersion = 10.0.40219.1
Project("{FAE04EC0-301F-11D3-BF4B-00C04F79EFBC}") = "engiszi", "engiszi\engiszi.csproj", "{F27DFAB1-0480-4FF1-B3F0-9919E2848C00}"
EndProject
Global
	GlobalSection(SolutionConfigurationPlatforms) = preSolution
		Debug|Any CPU = Debug|Any CPU
		Release|Any CPU = Release|Any CPU
	EndGlobalSection
	GlobalSection(ProjectConfigurationPlatforms) = postSolution
		{F27DFAB1-0480-4FF1-B3F0-9919E2848C00}.Debug|Any CPU.ActiveCfg = Debug|Any CPU
		{F27DFAB1-0480-4FF1-B3F0-9919E2848C00}.Debug|Any CPU.Build.0 = Debug|Any CPU
		{F27DFAB1-0480-4FF1-B3F0-9919E2848C00}.Release|Any CPU.ActiveCfg = Release|Any CPU
		{F27DFAB1-0480-4FF1-B3F0-9919E2848C00}.Release|Any CPU.Build.0 = Release|Any CPU
	EndGlobalSection
	GlobalSection(SolutionProperties) = preSolution
		HideSolutionNode = FALSE
	EndGlobalSection
	GlobalSection(ExtensibilityGlobals) = postSolution
		SolutionGuid = {CEBEC727-D117-40A8-9F8D-0C157874C94C}
	EndGlobalSection
EndGlobal
